
Microsoft Visual Studio Solution File, Format Version 12.00
# Visual Studio 14
VisualStudioVersion = 14.0.23107.0
MinimumVisualStudioVersion = 10.0.40219.1
Project("{8BC9CEB8-8B4A-11D0-8D11-00A0C91BC942}") = "TestopiaClient", "TestopiaClient\TestopiaClient.vcxproj", "{7A50B18D-DD6B-4601-9B1F-DDB6EB8520DE}"
EndProject
Project("{8BC9CEB8-8B4A-11D0-8D11-00A0C91BC942}") = "TestopiaClientTest", "TestopiaClientTest\TestopiaClientTest.vcxproj", "{76529C0D-3D6A-4017-9AF2-77FFA34F1CE3}"
	ProjectSection(ProjectDependencies) = postProject
		{7A50B18D-DD6B-4601-9B1F-DDB6EB8520DE} = {7A50B18D-DD6B-4601-9B1F-DDB6EB8520DE}
	EndProjectSection
EndProject
Project("{8BC9CEB8-8B4A-11D0-8D11-00A0C91BC942}") = "AllTests_VS2015", "..\..\..\..\..\..\CppUTest\examples\AllTests\AllTests_VS2015.vcxproj", "{95A5F8D0-12C0-4AC1-B46B-292DD3886108}"
EndProject
Project("{8BC9CEB8-8B4A-11D0-8D11-00A0C91BC942}") = "ApplicationLib_VS2015", "..\..\..\..\..\..\CppUTest\examples\ApplicationLib\ApplicationLib_VS2015.vcxproj", "{348076B9-303C-4FE0-9380-17CDF11134A9}"
EndProject
Project("{8BC9CEB8-8B4A-11D0-8D11-00A0C91BC942}") = "ulxmlrpcpp", "..\..\..\..\..\..\Users\Paul\Documents\Visual Studio 2015\Projects\ulxmlrpcpp-1.7.5\msvc71\ulxmlrpcpp\ulxmlrpcpp.vcxproj", "{D1B5E526-900B-4C9F-9F42-8A15862B9A3C}"
EndProject
Global
	GlobalSection(SolutionConfigurationPlatforms) = preSolution
		Debug|Win32 = Debug|Win32
		Release|Win32 = Release|Win32
		Test|Win32 = Test|Win32
	EndGlobalSection
	GlobalSection(ProjectConfigurationPlatforms) = postSolution
		{7A50B18D-DD6B-4601-9B1F-DDB6EB8520DE}.Debug|Win32.ActiveCfg = Debug|Win32
		{7A50B18D-DD6B-4601-9B1F-DDB6EB8520DE}.Debug|Win32.Build.0 = Debug|Win32
		{7A50B18D-DD6B-4601-9B1F-DDB6EB8520DE}.Release|Win32.ActiveCfg = Release|Win32
		{7A50B18D-DD6B-4601-9B1F-DDB6EB8520DE}.Release|Win32.Build.0 = Release|Win32
		{7A50B18D-DD6B-4601-9B1F-DDB6EB8520DE}.Test|Win32.ActiveCfg = Release|Win32
		{7A50B18D-DD6B-4601-9B1F-DDB6EB8520DE}.Test|Win32.Build.0 = Release|Win32
		{76529C0D-3D6A-4017-9AF2-77FFA34F1CE3}.Debug|Win32.ActiveCfg = Debug|Win32
		{76529C0D-3D6A-4017-9AF2-77FFA34F1CE3}.Debug|Win32.Build.0 = Debug|Win32
		{76529C0D-3D6A-4017-9AF2-77FFA34F1CE3}.Release|Win32.ActiveCfg = Release|Win32
		{76529C0D-3D6A-4017-9AF2-77FFA34F1CE3}.Release|Win32.Build.0 = Release|Win32
		{76529C0D-3D6A-4017-9AF2-77FFA34F1CE3}.Test|Win32.ActiveCfg = Release|Win32
		{76529C0D-3D6A-4017-9AF2-77FFA34F1CE3}.Test|Win32.Build.0 = Release|Win32
		{95A5F8D0-12C0-4AC1-B46B-292DD3886108}.Debug|Win32.ActiveCfg = Debug|Win32
		{95A5F8D0-12C0-4AC1-B46B-292DD3886108}.Debug|Win32.Build.0 = Debug|Win32
		{95A5F8D0-12C0-4AC1-B46B-292DD3886108}.Release|Win32.ActiveCfg = Release|Win32
		{95A5F8D0-12C0-4AC1-B46B-292DD3886108}.Release|Win32.Build.0 = Release|Win32
		{95A5F8D0-12C0-4AC1-B46B-292DD3886108}.Test|Win32.ActiveCfg = Release|Win32
		{95A5F8D0-12C0-4AC1-B46B-292DD3886108}.Test|Win32.Build.0 = Release|Win32
		{348076B9-303C-4FE0-9380-17CDF11134A9}.Debug|Win32.ActiveCfg = Debug|Win32
		{348076B9-303C-4FE0-9380-17CDF11134A9}.Debug|Win32.Build.0 = Debug|Win32
		{348076B9-303C-4FE0-9380-17CDF11134A9}.Release|Win32.ActiveCfg = Release|Win32
		{348076B9-303C-4FE0-9380-17CDF11134A9}.Release|Win32.Build.0 = Release|Win32
		{348076B9-303C-4FE0-9380-17CDF11134A9}.Test|Win32.ActiveCfg = Release|Win32
		{348076B9-303C-4FE0-9380-17CDF11134A9}.Test|Win32.Build.0 = Release|Win32
		{D1B5E526-900B-4C9F-9F42-8A15862B9A3C}.Debug|Win32.ActiveCfg = Debug|Win32
		{D1B5E526-900B-4C9F-9F42-8A15862B9A3C}.Debug|Win32.Build.0 = Debug|Win32
		{D1B5E526-900B-4C9F-9F42-8A15862B9A3C}.Release|Win32.ActiveCfg = Release|Win32
		{D1B5E526-900B-4C9F-9F42-8A15862B9A3C}.Release|Win32.Build.0 = Release|Win32
		{D1B5E526-900B-4C9F-9F42-8A15862B9A3C}.Test|Win32.ActiveCfg = Release|Win32
		{D1B5E526-900B-4C9F-9F42-8A15862B9A3C}.Test|Win32.Build.0 = Release|Win32
	EndGlobalSection
	GlobalSection(SolutionProperties) = preSolution
		HideSolutionNode = FALSE
	EndGlobalSection
EndGlobal
